{
  "pins" : [
    {
      "identity" : "autolayoutdsl",
      "kind" : "remoteSourceControl",
      "location" : "https://github.com/AlvaroOlave/AutoLayoutDSL",
      "state" : {
        "revision" : "b6433cc7b367e7ceed249309d5f7ee244dd3ba4e",
        "version" : "0.1.0"
      }
    },
    {
      "identity" : "loadingdots",
      "kind" : "remoteSourceControl",
      "location" : "https://github.com/AlvaroOlave/LoadingDots",
      "state" : {
        "revision" : "10069f70f28b398c5cb1de74da4b5f846b3b17a5",
        "version" : "0.0.1"
      }
    }
  ],
  "version" : 2
}
